github.com/amertavt/qubt v0.0.0-20240919141115-04a7fab1047b h1:FpzinCFfVF8Q/0M9+ikazNrqD4jqz0r/yne5hHUMk+s=
github.com/amertavt/qubt v0.0.0-20240919141115-04a7fab1047b/go.mod h1:eie9U9qc4bBpujplRN7gkEZ+frDy4vR9sZjdFblXXdQ=
github.com/amertavt/qubt v0.0.0-20240919175518-5943f0d7535d h1:hkFtdOeNlh+i7xsqbyKvxlmVEjSJ+9oC9Pi7yTWjOuo=
github.com/amertavt/qubt v0.0.0-20240919175518-5943f0d7535d/go.mod h1:eie9U9qc4bBpujplRN7gkEZ+frDy4vR9sZjdFblXXdQ=
github.com/amertavt/qubt v0.0.0-20240919180722-1e3da1bd5931 h1:x59Uf/Jfl8uwAL2YLtIwoXnMGBkVcJ/kMQgzOwYRJms=
github.com/amertavt/qubt v0.0.0-20240919180722-1e3da1bd5931/go.mod h1:eie9U9qc4bBpujplRN7gkEZ+frDy4vR9sZjdFblXXdQ=
github.com/amertavt/qubt v0.0.0-20240919195854-5c4dfe6f3dd3 h1:CG6sjnkco/5notawzwBzoWsbPUnXnbpjREzHgfEUMc4=
github.com/amertavt/qubt v0.0.0-20240919195854-5c4dfe6f3dd3/go.mod h1:eie9U9qc4bBpujplRN7gkEZ+frDy4vR9sZjdFblXXdQ=
github.com/amertavt/qubt v0.0.0-20240919200141-d4b4c3ebdcab h1:IJHGkOqAqIA4L2e0dPcFVnnU5H+AGRAyq8EUIzkUDfk=
github.com/amertavt/qubt v0.0.0-20240919200141-d4b4c3ebdcab/go.mod h1:eie9U9qc4bBpujplRN7gkEZ+frDy4vR9sZjdFblXXdQ=
